
Microsoft Visual Studio Solution File, Format Version 12.00
# Visual Studio Version 16
VisualStudioVersion = 16.0.32002.261
MinimumVisualStudioVersion = 10.0.40219.1
Project("{FAE04EC0-301F-11D3-BF4B-00C04F79EFBC}") = "WpfApp2", "WpfApp2\WpfApp2.csproj", "{626EEC06-7BF4-460D-81A8-9DEF5ED1C8DB}"
EndProject
Global
	GlobalSection(SolutionConfigurationPlatforms) = preSolution
		Debug|Any CPU = Debug|Any CPU
		Release|Any CPU = Release|Any CPU
	EndGlobalSection
	GlobalSection(ProjectConfigurationPlatforms) = postSolution
		{626EEC06-7BF4-460D-81A8-9DEF5ED1C8DB}.Debug|Any CPU.ActiveCfg = Debug|Any CPU
		{626EEC06-7BF4-460D-81A8-9DEF5ED1C8DB}.Debug|Any CPU.Build.0 = Debug|Any CPU
		{626EEC06-7BF4-460D-81A8-9DEF5ED1C8DB}.Release|Any CPU.ActiveCfg = Release|Any CPU
		{626EEC06-7BF4-460D-81A8-9DEF5ED1C8DB}.Release|Any CPU.Build.0 = Release|Any CPU
	EndGlobalSection
	GlobalSection(SolutionProperties) = preSolution
		HideSolutionNode = FALSE
	EndGlobalSection
	GlobalSection(ExtensibilityGlobals) = postSolution
		SolutionGuid = {CD982BDA-0741-4DAB-BB64-03F2CB112827}
	EndGlobalSection
EndGlobal
